// !$*UTF8*$!
{
	archiveVersion = 1;
	classes = {
	};
	objectVersion = 46;
	objects = {

/* Begin PBXBuildFile section */
		E6F8D7191D3D189A007E7EDE /* main.m in Sources */ = {isa = PBXBuildFile; fileRef = E6F8D7181D3D189A007E7EDE /* main.m */; };
		E6F8D71C1D3D189A007E7EDE /* AppDelegate.m in Sources */ = {isa = PBXBuildFile; fileRef = E6F8D71B1D3D189A007E7EDE /* AppDelegate.m */; };
		E6F8D71F1D3D189A007E7EDE /* ViewController.m in Sources */ = {isa = PBXBuildFile; fileRef = E6F8D71E1D3D189A007E7EDE /* ViewController.m */; };
		E6F8D7221D3D189A007E7EDE /* Main.storyboard in Resources */ = {isa = PBXBuildFile; fileRef = E6F8D7201D3D189A007E7EDE /* Main.storyboard */; };
		E6F8D7241D3D189A007E7EDE /* Assets.xcassets in Resources */ = {isa = PBXBuildFile; fileRef = E6F8D7231D3D189A007E7EDE /* Assets.xcassets */; };
		E6F8D7271D3D189A007E7EDE /* LaunchScreen.storyboard in Resources */ = {isa = PBXBuildFile; fileRef = E6F8D7251D3D189A007E7EDE /* LaunchScreen.storyboard */; };
/* End PBXBuildFile section */

/* Begin PBXFileReference section */
		E6F8D7141D3D189A007E7EDE /* SouthPoleFun.app */ = {isa = PBXFileReference; explicitFileType = wrapper.application; includeInIndex = 0; path = SouthPoleFun.app; sourceTree = BUILT_PRODUCTS_DIR; };
		E6F8D7181D3D189A007E7EDE /* main.m */ = {isa = PBXFileReference; lastKnownFileType = sourcecode.c.objc; path = main.m; sourceTree = "<group>"; };
		E6F8D71A1D3D189A007E7EDE /* AppDelegate.h */ = {isa = PBXFileReference; lastKnownFileType = sourcecode.c.h; path = AppDelegate.h; sourceTree = "<group>"; };
		E6F8D71B1D3D189A007E7EDE /* AppDelegate.m */ = {isa = PBXFileReference; lastKnownFileType = sourcecode.c.objc; path = AppDelegate.m; sourceTree = "<group>"; };
		E6F8D71D1D3D189A007E7EDE /* ViewController.h */ = {isa = PBXFileReference; lastKnownFileType = sourcecode.c.h; path = ViewController.h; sourceTree = "<group>"; };
		E6F8D71E1D3D189A007E7EDE /* ViewController.m */ = {isa = PBXFileReference; lastKnownFileType = sourcecode.c.objc; path = ViewController.m; sourceTree = "<group>"; };
		E6F8D7211D3D189A007E7EDE /* Base */ = {isa = PBXFileReference; lastKnownFileType = file.storyboard; name = Base; path = Base.lproj/Main.storyboard; sourceTree = "<group>"; };
		E6F8D7231D3D189A007E7EDE /* Assets.xcassets */ = {isa = PBXFileReference; lastKnownFileType = folder.assetcatalog; path = Assets.xcassets; sourceTree = "<group>"; };
		E6F8D7261D3D189A007E7EDE /* Base */ = {isa = PBXFileReference; lastKnownFileType = file.storyboard; name = Base; path = Base.lproj/LaunchScreen.storyboard; sourceTree = "<group>"; };
		E6F8D7281D3D189A007E7EDE /* Info.plist */ = {isa = PBXFileReference; lastKnownFileType = text.plist.xml; path = Info.plist; sourceTree = "<group>"; };
/* End PBXFileReference section */

/* Begin PBXFrameworksBuildPhase section */
		E6F8D7111D3D189A007E7EDE /* Frameworks */ = {
			isa = PBXFrameworksBuildPhase;
			buildActionMask = 2147483647;
			files = (
			);
			runOnlyForDeploymentPostprocessing = 0;
		};
/* End PBXFrameworksBuildPhase section */

/* Begin PBXGroup section */
		E6F8D70B1D3D189A007E7EDE = {
			isa = PBXGroup;
			children = (
				E6F8D7161D3D189A007E7EDE /* SouthPoleFun */,
				E6F8D7151D3D189A007E7EDE /* Products */,
			);
			sourceTree = "<group>";
		};
		E6F8D7151D3D189A007E7EDE /* Products */ = {
			isa = PBXGroup;
			children = (
				E6F8D7141D3D189A007E7EDE /* SouthPoleFun.app */,
			);
			name = Products;
			sourceTree = "<group>";
		};
		E6F8D7161D3D189A007E7EDE /* SouthPoleFun */ = {
			isa = PBXGroup;
			children = (
				E6F8D71A1D3D189A007E7EDE /* AppDelegate.h */,
				E6F8D71B1D3D189A007E7EDE /* AppDelegate.m */,
				E6F8D71D1D3D189A007E7EDE /* ViewController.h */,
				E6F8D71E1D3D189A007E7EDE /* ViewController.m */,
				E6F8D7201D3D189A007E7EDE /* Main.storyboard */,
				E6F8D7231D3D189A007E7EDE /* Assets.xcassets */,
				E6F8D7251D3D189A007E7EDE /* LaunchScreen.storyboard */,
				E6F8D7281D3D189A007E7EDE /* Info.plist */,
				E6F8D7171D3D189A007E7EDE /* Supporting Files */,
			);
			path = SouthPoleFun;
			sourceTree = "<group>";
		};
		E6F8D7171D3D189A007E7EDE /* Supporting Files */ = {
			isa = PBXGroup;
			children = (
				E6F8D7181D3D189A007E7EDE /* main.m */,
			);
			name = "Supporting Files";
			sourceTree = "<group>";
		};
/* End PBXGroup section */

/* Begin PBXNativeTarget section */
		E6F8D7131D3D189A007E7EDE /* SouthPoleFun */ = {
			isa = PBXNativeTarget;
			buildConfigurationList = E6F8D72B1D3D189A007E7EDE /* Build configuration list for PBXNativeTarget "SouthPoleFun" */;
			buildPhases = (
				E6F8D7101D3D189A007E7EDE /* Sources */,
				E6F8D7111D3D189A007E7EDE /* Frameworks */,
				E6F8D7121D3D189A007E7EDE /* Resources */,
			);
			buildRules = (
			);
			dependencies = (
			);
			name = SouthPoleFun;
			productName = SouthPoleFun;
			productReference = E6F8D7141D3D189A007E7EDE /* SouthPoleFun.app */;
			productType = "com.apple.product-type.application";
		};
/* End PBXNativeTarget section */

/* Begin PBXProject section */
		E6F8D70C1D3D189A007E7EDE /* Project object */ = {
			isa = PBXProject;
			attributes = {
				LastUpgradeCheck = 0730;
				ORGANIZATIONNAME = dudw;
				TargetAttributes = {
					E6F8D7131D3D189A007E7EDE = {
						CreatedOnToolsVersion = 7.3.1;
						DevelopmentTeam = K3W3KX8HS9;
					};
				};
			};
			buildConfigurationList = E6F8D70F1D3D189A007E7EDE /* Build configuration list for PBXProject "SouthPoleFun" */;
			compatibilityVersion = "Xcode 3.2";
			developmentRegion = English;
			hasScannedForEncodings = 0;
			knownRegions = (
				en,
				Base,
			);
			mainGroup = E6F8D70B1D3D189A007E7EDE;
			productRefGroup = E6F8D7151D3D189A007E7EDE /* Products */;
			projectDirPath = "";
			projectRoot = "";
			targets = (
				E6F8D7131D3D189A007E7EDE /* SouthPoleFun */,
			);
		};
/* End PBXProject section */

/* Begin PBXResourcesBuildPhase section */
		E6F8D7121D3D189A007E7EDE /* Resources */ = {
			isa = PBXResourcesBuildPhase;
			buildActionMask = 2147483647;
			files = (
				E6F8D7271D3D189A007E7EDE /* LaunchScreen.storyboard in Resources */,
				E6F8D7241D3D189A007E7EDE /* Assets.xcassets in Resources */,
				E6F8D7221D3D189A007E7EDE /* Main.storyboard in Resources */,
			);
			runOnlyForDeploymentPostprocessing = 0;
		};
/* End PBXResourcesBuildPhase section */

/* Begin PBXSourcesBuildPhase section */
		E6F8D7101D3D189A007E7EDE /* Sources */ = {
			isa = PBXSourcesBuildPhase;
			buildActionMask = 2147483647;
			files = (
				E6F8D71F1D3D189A007E7EDE /* ViewController.m in Sources */,
				E6F8D71C1D3D189A007E7EDE /* AppDelegate.m in Sources */,
				E6F8D7191D3D189A007E7EDE /* main.m in Sources */,
			);
			runOnlyForDeploymentPostprocessing = 0;
		};
/* End PBXSourcesBuildPhase section */

/* Begin PBXVariantGroup section */
		E6F8D7201D3D189A007E7EDE /* Main.storyboard */ = {
			isa = PBXVariantGroup;
			children = (
				E6F8D7211D3D189A007E7EDE /* Base */,
			);
			name = Main.storyboard;
			sourceTree = "<group>";
		};
		E6F8D7251D3D189A007E7EDE /* LaunchScreen.storyboard */ = {
			isa = PBXVariantGroup;
			children = (
				E6F8D7261D3D189A007E7EDE /* Base */,
			);
			name = LaunchScreen.storyboard;
			sourceTree = "<group>";
		};
/* End PBXVariantGroup section */

/* Begin XCBuildConfiguration section */
		E6F8D7291D3D189A007E7EDE /* Debug */ = {
			isa = XCBuildConfiguration;
			buildSettings = {
				ALWAYS_SEARCH_USER_PATHS = NO;
				CLANG_ANALYZER_NONNULL = YES;
				CLANG_CXX_LANGUAGE_STANDARD = "gnu++0x";
				CLANG_CXX_LIBRARY = "libc++";
				CLANG_ENABLE_MODULES = YES;
				CLANG_ENABLE_OBJC_ARC = YES;
				CLANG_WARN_BOOL_CONVERSION = YES;
				CLANG_WARN_CONSTANT_CONVERSION = YES;
				CLANG_WARN_DIRECT_OBJC_ISA_USAGE = YES_ERROR;
				CLANG_WARN_EMPTY_BODY = YES;
				CLANG_WARN_ENUM_CONVERSION = YES;
				CLANG_WARN_INT_CONVERSION = YES;
				CLANG_WARN_OBJC_ROOT_CLASS = YES_ERROR;
				CLANG_WARN_UNREACHABLE_CODE = YES;
				CLANG_WARN__DUPLICATE_METHOD_MATCH = YES;
				"CODE_SIGN_IDENTITY[sdk=iphoneos*]" = "iPhone Developer";
				COPY_PHASE_STRIP = NO;
				DEBUG_INFORMATION_FORMAT = dwarf;
				ENABLE_STRICT_OBJC_MSGSEND = YES;
				ENABLE_TESTABILITY = YES;
				GCC_C_LANGUAGE_STANDARD = gnu99;
				GCC_DYNAMIC_NO_PIC = NO;
				GCC_NO_COMMON_BLOCKS = YES;
				GCC_OPTIMIZATION_LEVEL = 0;
				GCC_PREPROCESSOR_DEFINITIONS = (
					"DEBUG=1",
					"$(inherited)",
				);
				GCC_WARN_64_TO_32_BIT_CONVERSION = YES;
				GCC_WARN_ABOUT_RETURN_TYPE = YES_ERROR;
				GCC_WARN_UNDECLARED_SELECTOR = YES;
				GCC_WARN_UNINITIALIZED_AUTOS = YES_AGGRESSIVE;
				GCC_WARN_UNUSED_FUNCTION = YES;
				GCC_WARN_UNUSED_VARIABLE = YES;
				IPHONEOS_DEPLOYMENT_TARGET = 9.3;
				MTL_ENABLE_DEBUG_INFO = YES;
				ONLY_ACTIVE_ARCH = YES;
				SDKROOT = iphoneos;
			};
			name = Debug;
		};
		E6F8D72A1D3D189A007E7EDE /* Release */ = {
			isa = XCBuildConfiguration;
			buildSettings = {
				ALWAYS_SEARCH_USER_PATHS = NO;
				CLANG_ANALYZER_NONNULL = YES;
				CLANG_CXX_LANGUAGE_STANDARD = "gnu++0x";
				CLANG_CXX_LIBRARY = "libc++";
				CLANG_ENABLE_MODULES = YES;
				CLANG_ENABLE_OBJC_ARC = YES;
				CLANG_WARN_BOOL_CONVERSION = YES;
				CLANG_WARN_CONSTANT_CONVERSION = YES;
				CLANG_WARN_DIRECT_OBJC_ISA_USAGE = YES_ERROR;
				CLANG_WARN_EMPTY_BODY = YES;
				CLANG_WARN_ENUM_CONVERSION = YES;
				CLANG_WARN_INT_CONVERSION = YES;
				CLANG_WARN_OBJC_ROOT_CLASS = YES_ERROR;
				CLANG_WARN_UNREACHABLE_CODE = YES;
				CLANG_WARN__DUPLICATE_METHOD_MATCH = YES;
				"CODE_SIGN_IDENTITY[sdk=iphoneos*]" = "iPhone Developer";
				COPY_PHASE_STRIP = NO;
				DEBUG_INFORMATION_FORMAT = "dwarf-with-dsym";
				ENABLE_NS_ASSERTIONS = NO;
				ENABLE_STRICT_OBJC_MSGSEND = YES;
				GCC_C_LANGUAGE_STANDARD = gnu99;
				GCC_NO_COMMON_BLOCKS = YES;
				GCC_WARN_64_TO_32_BIT_CONVERSION = YES;
				GCC_WARN_ABOUT_RETURN_TYPE = YES_ERROR;
				GCC_WARN_UNDECLARED_SELECTOR = YES;
				GCC_WARN_UNINITIALIZED_AUTOS = YES_AGGRESSIVE;
				GCC_WARN_UNUSED_FUNCTION = YES;
				GCC_WARN_UNUSED_VARIABLE = YES;
				IPHONEOS_DEPLOYMENT_TARGET = 9.3;
				MTL_ENABLE_DEBUG_INFO = NO;
				SDKROOT = iphoneos;
				VALIDATE_PRODUCT = YES;
			};
			name = Release;
		};
		E6F8D72C1D3D189A007E7EDE /* Debug */ = {
			isa = XCBuildConfiguration;
			buildSettings = {
				ASSETCATALOG_COMPILER_APPICON_NAME = AppIcon;
				INFOPLIST_FILE = SouthPoleFun/Info.plist;
				LD_RUNPATH_SEARCH_PATHS = "$(inherited) @executable_path/Frameworks";
				PRODUCT_BUNDLE_IDENTIFIER = com.company.SouthPoleFun;
				PRODUCT_NAME = "$(TARGET_NAME)";
			};
			name = Debug;
		};
		E6F8D72D1D3D189A007E7EDE /* Release */ = {
			isa = XCBuildConfiguration;
			buildSettings = {
				ASSETCATALOG_COMPILER_APPICON_NAME = AppIcon;
				INFOPLIST_FILE = SouthPoleFun/Info.plist;
				LD_RUNPATH_SEARCH_PATHS = "$(inherited) @executable_path/Frameworks";
				PRODUCT_BUNDLE_IDENTIFIER = com.company.SouthPoleFun;
				PRODUCT_NAME = "$(TARGET_NAME)";
			};
			name = Release;
		};
/* End XCBuildConfiguration section */

/* Begin XCConfigurationList section */
		E6F8D70F1D3D189A007E7EDE /* Build configuration list for PBXProject "SouthPoleFun" */ = {
			isa = XCConfigurationList;
			buildConfigurations = (
				E6F8D7291D3D189A007E7EDE /* Debug */,
				E6F8D72A1D3D189A007E7EDE /* Release */,
			);
			defaultConfigurationIsVisible = 0;
			defaultConfigurationName = Release;
		};
		E6F8D72B1D3D189A007E7EDE /* Build configuration list for PBXNativeTarget "SouthPoleFun" */ = {
			isa = XCConfigurationList;
			buildConfigurations = (
				E6F8D72C1D3D189A007E7EDE /* Debug */,
				E6F8D72D1D3D189A007E7EDE /* Release */,
			);
			defaultConfigurationIsVisible = 0;
		};
/* End XCConfigurationList section */
	};
	rootObject = E6F8D70C1D3D189A007E7EDE /* Project object */;
}
